{
	"_readme": [
		"This file locks the dependencies of your project to a known state",
		"Read more about it at https://getcomposer.org/doc/01-basic-usage.md#installing-dependencies",
		"This file is @generated automatically"
	],
	"content-hash": "bfdafe4cdf597d27cfb0b19507a5277a",
	"packages": [],
	"packages-dev": [
		{
			"name": "roots/wordpress",
			"version": "5.8.1",
			"source": {
				"type": "git",
				"url": "https://github.com/WordPress/WordPress.git",
				"reference": "5.8.1"
			},
			"dist": {
				"type": "zip",
				"url": "https://api.github.com/repos/WordPress/WordPress/zipball/refs/tags/5.8.1"
			},
			"require": {
				"php": ">=5.3.2",
				"roots/wordpress-core-installer": ">=1.0.0"
			},
			"type": "wordpress-core",
			"notification-url": "https://packagist.org/downloads/",
			"license": ["GPL-2.0-or-later"],
			"authors": [
				{
					"name": "WordPress Community",
					"homepage": "https://wordpress.org/about/"
				}
			],
			"description": "WordPress is web software you can use to create a beautiful website or blog.",
			"homepage": "https://wordpress.org/",
			"keywords": ["blog", "cms", "wordpress"],
			"support": {
				"docs": "https://developer.wordpress.org/",
				"forum": "https://wordpress.org/support/",
				"irc": "irc://irc.freenode.net/wordpress",
				"issues": "https://core.trac.wordpress.org/",
				"rss": "https://wordpress.org/news/feed/",
				"source": "https://core.trac.wordpress.org/browser",
				"wiki": "https://codex.wordpress.org/"
			},
			"funding": [
				{
					"url": "https://github.com/roots",
					"type": "github"
				},
				{
					"url": "https://www.patreon.com/rootsdev",
					"type": "patreon"
				}
			],
			"time": "2021-09-09T02:22:02+00:00"
		},
		{
			"name": "roots/wordpress-core-installer",
			"version": "1.100.0",
			"source": {
				"type": "git",
				"url": "https://github.com/roots/wordpress-core-installer.git",
				"reference": "73f8488e5178c5d54234b919f823a9095e2b1847"
			},
			"dist": {
				"type": "zip",
				"url": "https://api.github.com/repos/roots/wordpress-core-installer/zipball/73f8488e5178c5d54234b919f823a9095e2b1847",
				"reference": "73f8488e5178c5d54234b919f823a9095e2b1847",
				"shasum": ""
			},
			"require": {
				"composer-plugin-api": "^1.0 || ^2.0",
				"php": ">=5.6.0"
			},
			"conflict": {
				"composer/installers": "<1.0.6"
			},
			"replace": {
				"johnpbloch/wordpress-core-installer": "*"
			},
			"require-dev": {
				"composer/composer": "^1.0 || ^2.0",
				"phpunit/phpunit": ">=5.7.27"
			},
			"type": "composer-plugin",
			"extra": {
				"class": "Roots\\Composer\\WordPressCorePlugin"
			},
			"autoload": {
				"psr-4": {
					"Roots\\Composer\\": "src/"
				}
			},
			"notification-url": "https://packagist.org/downloads/",
			"license": ["GPL-2.0-or-later"],
			"authors": [
				{
					"name": "John P. Bloch",
					"email": "me@johnpbloch.com"
				},
				{
					"name": "Roots",
					"email": "team@roots.io"
				}
			],
			"description": "A custom installer to handle deploying WordPress with composer",
			"keywords": ["wordpress"],
			"support": {
				"issues": "https://github.com/roots/wordpress-core-installer/issues",
				"source": "https://github.com/roots/wordpress-core-installer/tree/master"
			},
			"funding": [
				{
					"url": "https://github.com/roots",
					"type": "github"
				},
				{
					"url": "https://www.patreon.com/rootsdev",
					"type": "patreon"
				}
			],
			"time": "2020-08-20T00:27:30+00:00"
		}
	],
	"aliases": [],
	"minimum-stability": "dev",
	"stability-flags": [],
	"prefer-stable": true,
	"prefer-lowest": false,
	"platform": [],
	"platform-dev": [],
	"plugin-api-version": "2.1.0"
}
